
Microsoft Visual Studio Solution File, Format Version 12.00
# TcXaeShell Solution File, Format Version 11.00
VisualStudioVersion = 17.10.35827.194
MinimumVisualStudioVersion = 10.0.40219.1
Project("{B1E792BE-AA5F-4E3C-8C82-674BF9C0715B}") = "FactorIOLibraryProject", "FactorIOLibraryProject\FactorIOLibraryProject.tsproj", "{FFFAF838-6502-4C2D-B0BA-9B1990FE7760}"
EndProject
Global
	GlobalSection(SolutionConfigurationPlatforms) = preSolution
		Debug|TwinCAT OS (ARMV7-A) = Debug|TwinCAT OS (ARMV7-A)
		Debug|TwinCAT OS (ARMV7-M) = Debug|TwinCAT OS (ARMV7-M)
		Debug|TwinCAT OS (ARMV8-A) = Debug|TwinCAT OS (ARMV8-A)
		Debug|TwinCAT OS (x64) = Debug|TwinCAT OS (x64)
		Debug|TwinCAT OS (x64-E) = Debug|TwinCAT OS (x64-E)
		Debug|TwinCAT RT (x64) = Debug|TwinCAT RT (x64)
		Debug|TwinCAT RT (x86) = Debug|TwinCAT RT (x86)
		Release|TwinCAT OS (ARMV7-A) = Release|TwinCAT OS (ARMV7-A)
		Release|TwinCAT OS (ARMV7-M) = Release|TwinCAT OS (ARMV7-M)
		Release|TwinCAT OS (ARMV8-A) = Release|TwinCAT OS (ARMV8-A)
		Release|TwinCAT OS (x64) = Release|TwinCAT OS (x64)
		Release|TwinCAT OS (x64-E) = Release|TwinCAT OS (x64-E)
		Release|TwinCAT RT (x64) = Release|TwinCAT RT (x64)
		Release|TwinCAT RT (x86) = Release|TwinCAT RT (x86)
	EndGlobalSection
	GlobalSection(ProjectConfigurationPlatforms) = postSolution
		{FFFAF838-6502-4C2D-B0BA-9B1990FE7760}.Debug|TwinCAT OS (ARMV7-A).ActiveCfg = Debug|TwinCAT OS (ARMV7-A)
		{FFFAF838-6502-4C2D-B0BA-9B1990FE7760}.Debug|TwinCAT OS (ARMV7-A).Build.0 = Debug|TwinCAT OS (ARMV7-A)
		{FFFAF838-6502-4C2D-B0BA-9B1990FE7760}.Debug|TwinCAT OS (ARMV7-M).ActiveCfg = Debug|TwinCAT OS (ARMV7-M)
		{FFFAF838-6502-4C2D-B0BA-9B1990FE7760}.Debug|TwinCAT OS (ARMV7-M).Build.0 = Debug|TwinCAT OS (ARMV7-M)
		{FFFAF838-6502-4C2D-B0BA-9B1990FE7760}.Debug|TwinCAT OS (ARMV8-A).ActiveCfg = Debug|TwinCAT OS (ARMV8-A)
		{FFFAF838-6502-4C2D-B0BA-9B1990FE7760}.Debug|TwinCAT OS (ARMV8-A).Build.0 = Debug|TwinCAT OS (ARMV8-A)
		{FFFAF838-6502-4C2D-B0BA-9B1990FE7760}.Debug|TwinCAT OS (x64).ActiveCfg = Debug|TwinCAT OS (x64)
		{FFFAF838-6502-4C2D-B0BA-9B1990FE7760}.Debug|TwinCAT OS (x64).Build.0 = Debug|TwinCAT OS (x64)
		{FFFAF838-6502-4C2D-B0BA-9B1990FE7760}.Debug|TwinCAT OS (x64-E).ActiveCfg = Debug|TwinCAT OS (x64-E)
		{FFFAF838-6502-4C2D-B0BA-9B1990FE7760}.Debug|TwinCAT OS (x64-E).Build.0 = Debug|TwinCAT OS (x64-E)
		{FFFAF838-6502-4C2D-B0BA-9B1990FE7760}.Debug|TwinCAT RT (x64).ActiveCfg = Debug|TwinCAT RT (x64)
		{FFFAF838-6502-4C2D-B0BA-9B1990FE7760}.Debug|TwinCAT RT (x64).Build.0 = Debug|TwinCAT RT (x64)
		{FFFAF838-6502-4C2D-B0BA-9B1990FE7760}.Debug|TwinCAT RT (x86).ActiveCfg = Debug|TwinCAT RT (x86)
		{FFFAF838-6502-4C2D-B0BA-9B1990FE7760}.Debug|TwinCAT RT (x86).Build.0 = Debug|TwinCAT RT (x86)
		{FFFAF838-6502-4C2D-B0BA-9B1990FE7760}.Release|TwinCAT OS (ARMV7-A).ActiveCfg = Release|TwinCAT OS (ARMV7-A)
		{FFFAF838-6502-4C2D-B0BA-9B1990FE7760}.Release|TwinCAT OS (ARMV7-A).Build.0 = Release|TwinCAT OS (ARMV7-A)
		{FFFAF838-6502-4C2D-B0BA-9B1990FE7760}.Release|TwinCAT OS (ARMV7-M).ActiveCfg = Release|TwinCAT OS (ARMV7-M)
		{FFFAF838-6502-4C2D-B0BA-9B1990FE7760}.Release|TwinCAT OS (ARMV7-M).Build.0 = Release|TwinCAT OS (ARMV7-M)
		{FFFAF838-6502-4C2D-B0BA-9B1990FE7760}.Release|TwinCAT OS (ARMV8-A).ActiveCfg = Release|TwinCAT OS (ARMV8-A)
		{FFFAF838-6502-4C2D-B0BA-9B1990FE7760}.Release|TwinCAT OS (ARMV8-A).Build.0 = Release|TwinCAT OS (ARMV8-A)
		{FFFAF838-6502-4C2D-B0BA-9B1990FE7760}.Release|TwinCAT OS (x64).ActiveCfg = Release|TwinCAT OS (x64)
		{FFFAF838-6502-4C2D-B0BA-9B1990FE7760}.Release|TwinCAT OS (x64).Build.0 = Release|TwinCAT OS (x64)
		{FFFAF838-6502-4C2D-B0BA-9B1990FE7760}.Release|TwinCAT OS (x64-E).ActiveCfg = Release|TwinCAT OS (x64-E)
		{FFFAF838-6502-4C2D-B0BA-9B1990FE7760}.Release|TwinCAT OS (x64-E).Build.0 = Release|TwinCAT OS (x64-E)
		{FFFAF838-6502-4C2D-B0BA-9B1990FE7760}.Release|TwinCAT RT (x64).ActiveCfg = Release|TwinCAT RT (x64)
		{FFFAF838-6502-4C2D-B0BA-9B1990FE7760}.Release|TwinCAT RT (x64).Build.0 = Release|TwinCAT RT (x64)
		{FFFAF838-6502-4C2D-B0BA-9B1990FE7760}.Release|TwinCAT RT (x86).ActiveCfg = Release|TwinCAT RT (x86)
		{FFFAF838-6502-4C2D-B0BA-9B1990FE7760}.Release|TwinCAT RT (x86).Build.0 = Release|TwinCAT RT (x86)
		{DFFAF9B9-28CA-4CEF-A85B-BE89528310DE}.Debug|TwinCAT OS (ARMV7-A).ActiveCfg = Debug|TwinCAT OS (ARMV7-A)
		{DFFAF9B9-28CA-4CEF-A85B-BE89528310DE}.Debug|TwinCAT OS (ARMV7-A).Build.0 = Debug|TwinCAT OS (ARMV7-A)
		{DFFAF9B9-28CA-4CEF-A85B-BE89528310DE}.Debug|TwinCAT OS (ARMV7-M).ActiveCfg = Debug|TwinCAT OS (ARMV7-M)
		{DFFAF9B9-28CA-4CEF-A85B-BE89528310DE}.Debug|TwinCAT OS (ARMV7-M).Build.0 = Debug|TwinCAT OS (ARMV7-M)
		{DFFAF9B9-28CA-4CEF-A85B-BE89528310DE}.Debug|TwinCAT OS (ARMV8-A).ActiveCfg = Debug|TwinCAT OS (ARMV8-A)
		{DFFAF9B9-28CA-4CEF-A85B-BE89528310DE}.Debug|TwinCAT OS (ARMV8-A).Build.0 = Debug|TwinCAT OS (ARMV8-A)
		{DFFAF9B9-28CA-4CEF-A85B-BE89528310DE}.Debug|TwinCAT OS (x64).ActiveCfg = Debug|TwinCAT OS (x64)
		{DFFAF9B9-28CA-4CEF-A85B-BE89528310DE}.Debug|TwinCAT OS (x64).Build.0 = Debug|TwinCAT OS (x64)
		{DFFAF9B9-28CA-4CEF-A85B-BE89528310DE}.Debug|TwinCAT OS (x64-E).ActiveCfg = Debug|TwinCAT OS (x64-E)
		{DFFAF9B9-28CA-4CEF-A85B-BE89528310DE}.Debug|TwinCAT OS (x64-E).Build.0 = Debug|TwinCAT OS (x64-E)
		{DFFAF9B9-28CA-4CEF-A85B-BE89528310DE}.Debug|TwinCAT RT (x64).ActiveCfg = Debug|TwinCAT RT (x64)
		{DFFAF9B9-28CA-4CEF-A85B-BE89528310DE}.Debug|TwinCAT RT (x64).Build.0 = Debug|TwinCAT RT (x64)
		{DFFAF9B9-28CA-4CEF-A85B-BE89528310DE}.Debug|TwinCAT RT (x86).ActiveCfg = Debug|TwinCAT RT (x86)
		{DFFAF9B9-28CA-4CEF-A85B-BE89528310DE}.Debug|TwinCAT RT (x86).Build.0 = Debug|TwinCAT RT (x86)
		{DFFAF9B9-28CA-4CEF-A85B-BE89528310DE}.Release|TwinCAT OS (ARMV7-A).ActiveCfg = Release|TwinCAT OS (ARMV7-A)
		{DFFAF9B9-28CA-4CEF-A85B-BE89528310DE}.Release|TwinCAT OS (ARMV7-A).Build.0 = Release|TwinCAT OS (ARMV7-A)
		{DFFAF9B9-28CA-4CEF-A85B-BE89528310DE}.Release|TwinCAT OS (ARMV7-M).ActiveCfg = Release|TwinCAT OS (ARMV7-M)
		{DFFAF9B9-28CA-4CEF-A85B-BE89528310DE}.Release|TwinCAT OS (ARMV7-M).Build.0 = Release|TwinCAT OS (ARMV7-M)
		{DFFAF9B9-28CA-4CEF-A85B-BE89528310DE}.Release|TwinCAT OS (ARMV8-A).ActiveCfg = Release|TwinCAT OS (ARMV8-A)
		{DFFAF9B9-28CA-4CEF-A85B-BE89528310DE}.Release|TwinCAT OS (ARMV8-A).Build.0 = Release|TwinCAT OS (ARMV8-A)
		{DFFAF9B9-28CA-4CEF-A85B-BE89528310DE}.Release|TwinCAT OS (x64).ActiveCfg = Release|TwinCAT OS (x64)
		{DFFAF9B9-28CA-4CEF-A85B-BE89528310DE}.Release|TwinCAT OS (x64).Build.0 = Release|TwinCAT OS (x64)
		{DFFAF9B9-28CA-4CEF-A85B-BE89528310DE}.Release|TwinCAT OS (x64-E).ActiveCfg = Release|TwinCAT OS (x64-E)
		{DFFAF9B9-28CA-4CEF-A85B-BE89528310DE}.Release|TwinCAT OS (x64-E).Build.0 = Release|TwinCAT OS (x64-E)
		{DFFAF9B9-28CA-4CEF-A85B-BE89528310DE}.Release|TwinCAT RT (x64).ActiveCfg = Release|TwinCAT RT (x64)
		{DFFAF9B9-28CA-4CEF-A85B-BE89528310DE}.Release|TwinCAT RT (x64).Build.0 = Release|TwinCAT RT (x64)
		{DFFAF9B9-28CA-4CEF-A85B-BE89528310DE}.Release|TwinCAT RT (x86).ActiveCfg = Release|TwinCAT RT (x86)
		{DFFAF9B9-28CA-4CEF-A85B-BE89528310DE}.Release|TwinCAT RT (x86).Build.0 = Release|TwinCAT RT (x86)
	EndGlobalSection
	GlobalSection(SolutionProperties) = preSolution
		HideSolutionNode = FALSE
	EndGlobalSection
	GlobalSection(ExtensibilityGlobals) = postSolution
		SolutionGuid = {61C69806-6C3B-4560-BBB6-C8A94B45755A}
	EndGlobalSection
EndGlobal
